
Microsoft Visual Studio Solution File, Format Version 12.00
# Visual Studio Version 17
VisualStudioVersion = 17.1.32319.34
MinimumVisualStudioVersion = 10.0.40219.1
Project("{8BC9CEB8-8B4A-11D0-8D11-00A0C91BC942}") = "Basic", "Basic\Basic.vcxproj", "{0BE73F2A-D418-488B-A99C-40DB26A1308A}"
EndProject
Project("{8BC9CEB8-8B4A-11D0-8D11-00A0C91BC942}") = "VariablesAndPointers", "VariablesAndPointers\VariablesAndPointers.vcxproj", "{64CB8002-053A-4C19-AE95-8071502A3D50}"
EndProject
Project("{8BC9CEB8-8B4A-11D0-8D11-00A0C91BC942}") = "ControlFlow", "ControlFlow\ControlFlow.vcxproj", "{D0381B28-BD02-4808-AA08-2E021609A3A0}"
EndProject
Project("{8BC9CEB8-8B4A-11D0-8D11-00A0C91BC942}") = "Functions", "Functions\Functions.vcxproj", "{30137C70-6F63-4EFB-9192-B47311FAF038}"
EndProject
Project("{8BC9CEB8-8B4A-11D0-8D11-00A0C91BC942}") = "OOP", "OOP\OOP.vcxproj", "{00D05E25-F541-408A-83CB-1F5C91CB3374}"
EndProject
Global
	GlobalSection(SolutionConfigurationPlatforms) = preSolution
		Debug|x64 = Debug|x64
		Debug|x86 = Debug|x86
		Release|x64 = Release|x64
		Release|x86 = Release|x86
	EndGlobalSection
	GlobalSection(ProjectConfigurationPlatforms) = postSolution
		{0BE73F2A-D418-488B-A99C-40DB26A1308A}.Debug|x64.ActiveCfg = Debug|x64
		{0BE73F2A-D418-488B-A99C-40DB26A1308A}.Debug|x64.Build.0 = Debug|x64
		{0BE73F2A-D418-488B-A99C-40DB26A1308A}.Debug|x86.ActiveCfg = Debug|Win32
		{0BE73F2A-D418-488B-A99C-40DB26A1308A}.Debug|x86.Build.0 = Debug|Win32
		{0BE73F2A-D418-488B-A99C-40DB26A1308A}.Release|x64.ActiveCfg = Release|x64
		{0BE73F2A-D418-488B-A99C-40DB26A1308A}.Release|x64.Build.0 = Release|x64
		{0BE73F2A-D418-488B-A99C-40DB26A1308A}.Release|x86.ActiveCfg = Release|Win32
		{0BE73F2A-D418-488B-A99C-40DB26A1308A}.Release|x86.Build.0 = Release|Win32
		{64CB8002-053A-4C19-AE95-8071502A3D50}.Debug|x64.ActiveCfg = Debug|x64
		{64CB8002-053A-4C19-AE95-8071502A3D50}.Debug|x64.Build.0 = Debug|x64
		{64CB8002-053A-4C19-AE95-8071502A3D50}.Debug|x86.ActiveCfg = Debug|Win32
		{64CB8002-053A-4C19-AE95-8071502A3D50}.Debug|x86.Build.0 = Debug|Win32
		{64CB8002-053A-4C19-AE95-8071502A3D50}.Release|x64.ActiveCfg = Release|x64
		{64CB8002-053A-4C19-AE95-8071502A3D50}.Release|x64.Build.0 = Release|x64
		{64CB8002-053A-4C19-AE95-8071502A3D50}.Release|x86.ActiveCfg = Release|Win32
		{64CB8002-053A-4C19-AE95-8071502A3D50}.Release|x86.Build.0 = Release|Win32
		{D0381B28-BD02-4808-AA08-2E021609A3A0}.Debug|x64.ActiveCfg = Debug|x64
		{D0381B28-BD02-4808-AA08-2E021609A3A0}.Debug|x64.Build.0 = Debug|x64
		{D0381B28-BD02-4808-AA08-2E021609A3A0}.Debug|x86.ActiveCfg = Debug|Win32
		{D0381B28-BD02-4808-AA08-2E021609A3A0}.Debug|x86.Build.0 = Debug|Win32
		{D0381B28-BD02-4808-AA08-2E021609A3A0}.Release|x64.ActiveCfg = Release|x64
		{D0381B28-BD02-4808-AA08-2E021609A3A0}.Release|x64.Build.0 = Release|x64
		{D0381B28-BD02-4808-AA08-2E021609A3A0}.Release|x86.ActiveCfg = Release|Win32
		{D0381B28-BD02-4808-AA08-2E021609A3A0}.Release|x86.Build.0 = Release|Win32
		{30137C70-6F63-4EFB-9192-B47311FAF038}.Debug|x64.ActiveCfg = Debug|x64
		{30137C70-6F63-4EFB-9192-B47311FAF038}.Debug|x64.Build.0 = Debug|x64
		{30137C70-6F63-4EFB-9192-B47311FAF038}.Debug|x86.ActiveCfg = Debug|Win32
		{30137C70-6F63-4EFB-9192-B47311FAF038}.Debug|x86.Build.0 = Debug|Win32
		{30137C70-6F63-4EFB-9192-B47311FAF038}.Release|x64.ActiveCfg = Release|x64
		{30137C70-6F63-4EFB-9192-B47311FAF038}.Release|x64.Build.0 = Release|x64
		{30137C70-6F63-4EFB-9192-B47311FAF038}.Release|x86.ActiveCfg = Release|Win32
		{30137C70-6F63-4EFB-9192-B47311FAF038}.Release|x86.Build.0 = Release|Win32
		{00D05E25-F541-408A-83CB-1F5C91CB3374}.Debug|x64.ActiveCfg = Debug|x64
		{00D05E25-F541-408A-83CB-1F5C91CB3374}.Debug|x64.Build.0 = Debug|x64
		{00D05E25-F541-408A-83CB-1F5C91CB3374}.Debug|x86.ActiveCfg = Debug|Win32
		{00D05E25-F541-408A-83CB-1F5C91CB3374}.Debug|x86.Build.0 = Debug|Win32
		{00D05E25-F541-408A-83CB-1F5C91CB3374}.Release|x64.ActiveCfg = Release|x64
		{00D05E25-F541-408A-83CB-1F5C91CB3374}.Release|x64.Build.0 = Release|x64
		{00D05E25-F541-408A-83CB-1F5C91CB3374}.Release|x86.ActiveCfg = Release|Win32
		{00D05E25-F541-408A-83CB-1F5C91CB3374}.Release|x86.Build.0 = Release|Win32
	EndGlobalSection
	GlobalSection(SolutionProperties) = preSolution
		HideSolutionNode = FALSE
	EndGlobalSection
	GlobalSection(ExtensibilityGlobals) = postSolution
		SolutionGuid = {C2760DDB-E3EC-42BE-AFDB-B72D9ECF56EC}
	EndGlobalSection
EndGlobal
